// !$*UTF8*$!
{
	archiveVersion = 1;
	classes = {
	};
	objectVersion = 50;
	objects = {

/* Begin PBXBuildFile section */
		E47CA7F326BE1B7400FC1CBF /* AppDelegate.swift in Sources */ = {isa = PBXBuildFile; fileRef = E47CA7F226BE1B7400FC1CBF /* AppDelegate.swift */; };
		E47CA7F526BE1B7400FC1CBF /* SceneDelegate.swift in Sources */ = {isa = PBXBuildFile; fileRef = E47CA7F426BE1B7400FC1CBF /* SceneDelegate.swift */; };
		E47CA7F726BE1B7400FC1CBF /* ViewController.swift in Sources */ = {isa = PBXBuildFile; fileRef = E47CA7F626BE1B7400FC1CBF /* ViewController.swift */; };
		E47CA7FA26BE1B7400FC1CBF /* Main.storyboard in Resources */ = {isa = PBXBuildFile; fileRef = E47CA7F826BE1B7400FC1CBF /* Main.storyboard */; };
		E47CA7FC26BE1B7800FC1CBF /* Assets.xcassets in Resources */ = {isa = PBXBuildFile; fileRef = E47CA7FB26BE1B7800FC1CBF /* Assets.xcassets */; };
		E47CA7FF26BE1B7800FC1CBF /* LaunchScreen.storyboard in Resources */ = {isa = PBXBuildFile; fileRef = E47CA7FD26BE1B7800FC1CBF /* LaunchScreen.storyboard */; };
		E47CA80A26BE1B7800FC1CBF /* ScrollViewDemoTests.swift in Sources */ = {isa = PBXBuildFile; fileRef = E47CA80926BE1B7800FC1CBF /* ScrollViewDemoTests.swift */; };
		E47CA81526BE1B7800FC1CBF /* ScrollViewDemoUITests.swift in Sources */ = {isa = PBXBuildFile; fileRef = E47CA81426BE1B7800FC1CBF /* ScrollViewDemoUITests.swift */; };
/* End PBXBuildFile section */

/* Begin PBXContainerItemProxy section */
		E47CA80626BE1B7800FC1CBF /* PBXContainerItemProxy */ = {
			isa = PBXContainerItemProxy;
			containerPortal = E47CA7E726BE1B7400FC1CBF /* Project object */;
			proxyType = 1;
			remoteGlobalIDString = E47CA7EE26BE1B7400FC1CBF;
			remoteInfo = ScrollViewDemo;
		};
		E47CA81126BE1B7800FC1CBF /* PBXContainerItemProxy */ = {
			isa = PBXContainerItemProxy;
			containerPortal = E47CA7E726BE1B7400FC1CBF /* Project object */;
			proxyType = 1;
			remoteGlobalIDString = E47CA7EE26BE1B7400FC1CBF;
			remoteInfo = ScrollViewDemo;
		};
/* End PBXContainerItemProxy section */

/* Begin PBXFileReference section */
		E47CA7EF26BE1B7400FC1CBF /* ScrollViewDemo.app */ = {isa = PBXFileReference; explicitFileType = wrapper.application; includeInIndex = 0; path = ScrollViewDemo.app; sourceTree = BUILT_PRODUCTS_DIR; };
		E47CA7F226BE1B7400FC1CBF /* AppDelegate.swift */ = {isa = PBXFileReference; lastKnownFileType = sourcecode.swift; path = AppDelegate.swift; sourceTree = "<group>"; };
		E47CA7F426BE1B7400FC1CBF /* SceneDelegate.swift */ = {isa = PBXFileReference; lastKnownFileType = sourcecode.swift; path = SceneDelegate.swift; sourceTree = "<group>"; };
		E47CA7F626BE1B7400FC1CBF /* ViewController.swift */ = {isa = PBXFileReference; lastKnownFileType = sourcecode.swift; path = ViewController.swift; sourceTree = "<group>"; };
		E47CA7F926BE1B7400FC1CBF /* Base */ = {isa = PBXFileReference; lastKnownFileType = file.storyboard; name = Base; path = Base.lproj/Main.storyboard; sourceTree = "<group>"; };
		E47CA7FB26BE1B7800FC1CBF /* Assets.xcassets */ = {isa = PBXFileReference; lastKnownFileType = folder.assetcatalog; path = Assets.xcassets; sourceTree = "<group>"; };
		E47CA7FE26BE1B7800FC1CBF /* Base */ = {isa = PBXFileReference; lastKnownFileType = file.storyboard; name = Base; path = Base.lproj/LaunchScreen.storyboard; sourceTree = "<group>"; };
		E47CA80026BE1B7800FC1CBF /* Info.plist */ = {isa = PBXFileReference; lastKnownFileType = text.plist.xml; path = Info.plist; sourceTree = "<group>"; };
		E47CA80526BE1B7800FC1CBF /* ScrollViewDemoTests.xctest */ = {isa = PBXFileReference; explicitFileType = wrapper.cfbundle; includeInIndex = 0; path = ScrollViewDemoTests.xctest; sourceTree = BUILT_PRODUCTS_DIR; };
		E47CA80926BE1B7800FC1CBF /* ScrollViewDemoTests.swift */ = {isa = PBXFileReference; lastKnownFileType = sourcecode.swift; path = ScrollViewDemoTests.swift; sourceTree = "<group>"; };
		E47CA80B26BE1B7800FC1CBF /* Info.plist */ = {isa = PBXFileReference; lastKnownFileType = text.plist.xml; path = Info.plist; sourceTree = "<group>"; };
		E47CA81026BE1B7800FC1CBF /* ScrollViewDemoUITests.xctest */ = {isa = PBXFileReference; explicitFileType = wrapper.cfbundle; includeInIndex = 0; path = ScrollViewDemoUITests.xctest; sourceTree = BUILT_PRODUCTS_DIR; };
		E47CA81426BE1B7800FC1CBF /* ScrollViewDemoUITests.swift */ = {isa = PBXFileReference; lastKnownFileType = sourcecode.swift; path = ScrollViewDemoUITests.swift; sourceTree = "<group>"; };
		E47CA81626BE1B7800FC1CBF /* Info.plist */ = {isa = PBXFileReference; lastKnownFileType = text.plist.xml; path = Info.plist; sourceTree = "<group>"; };
/* End PBXFileReference section */

/* Begin PBXFrameworksBuildPhase section */
		E47CA7EC26BE1B7400FC1CBF /* Frameworks */ = {
			isa = PBXFrameworksBuildPhase;
			buildActionMask = 2147483647;
			files = (
			);
			runOnlyForDeploymentPostprocessing = 0;
		};
		E47CA80226BE1B7800FC1CBF /* Frameworks */ = {
			isa = PBXFrameworksBuildPhase;
			buildActionMask = 2147483647;
			files = (
			);
			runOnlyForDeploymentPostprocessing = 0;
		};
		E47CA80D26BE1B7800FC1CBF /* Frameworks */ = {
			isa = PBXFrameworksBuildPhase;
			buildActionMask = 2147483647;
			files = (
			);
			runOnlyForDeploymentPostprocessing = 0;
		};
/* End PBXFrameworksBuildPhase section */

/* Begin PBXGroup section */
		E47CA7E626BE1B7400FC1CBF = {
			isa = PBXGroup;
			children = (
				E47CA7F126BE1B7400FC1CBF /* ScrollViewDemo */,
				E47CA80826BE1B7800FC1CBF /* ScrollViewDemoTests */,
				E47CA81326BE1B7800FC1CBF /* ScrollViewDemoUITests */,
				E47CA7F026BE1B7400FC1CBF /* Products */,
			);
			sourceTree = "<group>";
		};
		E47CA7F026BE1B7400FC1CBF /* Products */ = {
			isa = PBXGroup;
			children = (
				E47CA7EF26BE1B7400FC1CBF /* ScrollViewDemo.app */,
				E47CA80526BE1B7800FC1CBF /* ScrollViewDemoTests.xctest */,
				E47CA81026BE1B7800FC1CBF /* ScrollViewDemoUITests.xctest */,
			);
			name = Products;
			sourceTree = "<group>";
		};
		E47CA7F126BE1B7400FC1CBF /* ScrollViewDemo */ = {
			isa = PBXGroup;
			children = (
				E47CA7F226BE1B7400FC1CBF /* AppDelegate.swift */,
				E47CA7F426BE1B7400FC1CBF /* SceneDelegate.swift */,
				E47CA7F626BE1B7400FC1CBF /* ViewController.swift */,
				E47CA7F826BE1B7400FC1CBF /* Main.storyboard */,
				E47CA7FB26BE1B7800FC1CBF /* Assets.xcassets */,
				E47CA7FD26BE1B7800FC1CBF /* LaunchScreen.storyboard */,
				E47CA80026BE1B7800FC1CBF /* Info.plist */,
			);
			path = ScrollViewDemo;
			sourceTree = "<group>";
		};
		E47CA80826BE1B7800FC1CBF /* ScrollViewDemoTests */ = {
			isa = PBXGroup;
			children = (
				E47CA80926BE1B7800FC1CBF /* ScrollViewDemoTests.swift */,
				E47CA80B26BE1B7800FC1CBF /* Info.plist */,
			);
			path = ScrollViewDemoTests;
			sourceTree = "<group>";
		};
		E47CA81326BE1B7800FC1CBF /* ScrollViewDemoUITests */ = {
			isa = PBXGroup;
			children = (
				E47CA81426BE1B7800FC1CBF /* ScrollViewDemoUITests.swift */,
				E47CA81626BE1B7800FC1CBF /* Info.plist */,
			);
			path = ScrollViewDemoUITests;
			sourceTree = "<group>";
		};
/* End PBXGroup section */

/* Begin PBXNativeTarget section */
		E47CA7EE26BE1B7400FC1CBF /* ScrollViewDemo */ = {
			isa = PBXNativeTarget;
			buildConfigurationList = E47CA81926BE1B7800FC1CBF /* Build configuration list for PBXNativeTarget "ScrollViewDemo" */;
			buildPhases = (
				E47CA7EB26BE1B7400FC1CBF /* Sources */,
				E47CA7EC26BE1B7400FC1CBF /* Frameworks */,
				E47CA7ED26BE1B7400FC1CBF /* Resources */,
			);
			buildRules = (
			);
			dependencies = (
			);
			name = ScrollViewDemo;
			productName = ScrollViewDemo;
			productReference = E47CA7EF26BE1B7400FC1CBF /* ScrollViewDemo.app */;
			productType = "com.apple.product-type.application";
		};
		E47CA80426BE1B7800FC1CBF /* ScrollViewDemoTests */ = {
			isa = PBXNativeTarget;
			buildConfigurationList = E47CA81C26BE1B7800FC1CBF /* Build configuration list for PBXNativeTarget "ScrollViewDemoTests" */;
			buildPhases = (
				E47CA80126BE1B7800FC1CBF /* Sources */,
				E47CA80226BE1B7800FC1CBF /* Frameworks */,
				E47CA80326BE1B7800FC1CBF /* Resources */,
			);
			buildRules = (
			);
			dependencies = (
				E47CA80726BE1B7800FC1CBF /* PBXTargetDependency */,
			);
			name = ScrollViewDemoTests;
			productName = ScrollViewDemoTests;
			productReference = E47CA80526BE1B7800FC1CBF /* ScrollViewDemoTests.xctest */;
			productType = "com.apple.product-type.bundle.unit-test";
		};
		E47CA80F26BE1B7800FC1CBF /* ScrollViewDemoUITests */ = {
			isa = PBXNativeTarget;
			buildConfigurationList = E47CA81F26BE1B7800FC1CBF /* Build configuration list for PBXNativeTarget "ScrollViewDemoUITests" */;
			buildPhases = (
				E47CA80C26BE1B7800FC1CBF /* Sources */,
				E47CA80D26BE1B7800FC1CBF /* Frameworks */,
				E47CA80E26BE1B7800FC1CBF /* Resources */,
			);
			buildRules = (
			);
			dependencies = (
				E47CA81226BE1B7800FC1CBF /* PBXTargetDependency */,
			);
			name = ScrollViewDemoUITests;
			productName = ScrollViewDemoUITests;
			productReference = E47CA81026BE1B7800FC1CBF /* ScrollViewDemoUITests.xctest */;
			productType = "com.apple.product-type.bundle.ui-testing";
		};
/* End PBXNativeTarget section */

/* Begin PBXProject section */
		E47CA7E726BE1B7400FC1CBF /* Project object */ = {
			isa = PBXProject;
			attributes = {
				LastSwiftUpdateCheck = 1250;
				LastUpgradeCheck = 1250;
				TargetAttributes = {
					E47CA7EE26BE1B7400FC1CBF = {
						CreatedOnToolsVersion = 12.5;
					};
					E47CA80426BE1B7800FC1CBF = {
						CreatedOnToolsVersion = 12.5;
						TestTargetID = E47CA7EE26BE1B7400FC1CBF;
					};
					E47CA80F26BE1B7800FC1CBF = {
						CreatedOnToolsVersion = 12.5;
						TestTargetID = E47CA7EE26BE1B7400FC1CBF;
					};
				};
			};
			buildConfigurationList = E47CA7EA26BE1B7400FC1CBF /* Build configuration list for PBXProject "ScrollViewDemo" */;
			compatibilityVersion = "Xcode 9.3";
			developmentRegion = en;
			hasScannedForEncodings = 0;
			knownRegions = (
				en,
				Base,
			);
			mainGroup = E47CA7E626BE1B7400FC1CBF;
			productRefGroup = E47CA7F026BE1B7400FC1CBF /* Products */;
			projectDirPath = "";
			projectRoot = "";
			targets = (
				E47CA7EE26BE1B7400FC1CBF /* ScrollViewDemo */,
				E47CA80426BE1B7800FC1CBF /* ScrollViewDemoTests */,
				E47CA80F26BE1B7800FC1CBF /* ScrollViewDemoUITests */,
			);
		};
/* End PBXProject section */

/* Begin PBXResourcesBuildPhase section */
		E47CA7ED26BE1B7400FC1CBF /* Resources */ = {
			isa = PBXResourcesBuildPhase;
			buildActionMask = 2147483647;
			files = (
				E47CA7FF26BE1B7800FC1CBF /* LaunchScreen.storyboard in Resources */,
				E47CA7FC26BE1B7800FC1CBF /* Assets.xcassets in Resources */,
				E47CA7FA26BE1B7400FC1CBF /* Main.storyboard in Resources */,
			);
			runOnlyForDeploymentPostprocessing = 0;
		};
		E47CA80326BE1B7800FC1CBF /* Resources */ = {
			isa = PBXResourcesBuildPhase;
			buildActionMask = 2147483647;
			files = (
			);
			runOnlyForDeploymentPostprocessing = 0;
		};
		E47CA80E26BE1B7800FC1CBF /* Resources */ = {
			isa = PBXResourcesBuildPhase;
			buildActionMask = 2147483647;
			files = (
			);
			runOnlyForDeploymentPostprocessing = 0;
		};
/* End PBXResourcesBuildPhase section */

/* Begin PBXSourcesBuildPhase section */
		E47CA7EB26BE1B7400FC1CBF /* Sources */ = {
			isa = PBXSourcesBuildPhase;
			buildActionMask = 2147483647;
			files = (
				E47CA7F726BE1B7400FC1CBF /* ViewController.swift in Sources */,
				E47CA7F326BE1B7400FC1CBF /* AppDelegate.swift in Sources */,
				E47CA7F526BE1B7400FC1CBF /* SceneDelegate.swift in Sources */,
			);
			runOnlyForDeploymentPostprocessing = 0;
		};
		E47CA80126BE1B7800FC1CBF /* Sources */ = {
			isa = PBXSourcesBuildPhase;
			buildActionMask = 2147483647;
			files = (
				E47CA80A26BE1B7800FC1CBF /* ScrollViewDemoTests.swift in Sources */,
			);
			runOnlyForDeploymentPostprocessing = 0;
		};
		E47CA80C26BE1B7800FC1CBF /* Sources */ = {
			isa = PBXSourcesBuildPhase;
			buildActionMask = 2147483647;
			files = (
				E47CA81526BE1B7800FC1CBF /* ScrollViewDemoUITests.swift in Sources */,
			);
			runOnlyForDeploymentPostprocessing = 0;
		};
/* End PBXSourcesBuildPhase section */

/* Begin PBXTargetDependency section */
		E47CA80726BE1B7800FC1CBF /* PBXTargetDependency */ = {
			isa = PBXTargetDependency;
			target = E47CA7EE26BE1B7400FC1CBF /* ScrollViewDemo */;
			targetProxy = E47CA80626BE1B7800FC1CBF /* PBXContainerItemProxy */;
		};
		E47CA81226BE1B7800FC1CBF /* PBXTargetDependency */ = {
			isa = PBXTargetDependency;
			target = E47CA7EE26BE1B7400FC1CBF /* ScrollViewDemo */;
			targetProxy = E47CA81126BE1B7800FC1CBF /* PBXContainerItemProxy */;
		};
/* End PBXTargetDependency section */

/* Begin PBXVariantGroup section */
		E47CA7F826BE1B7400FC1CBF /* Main.storyboard */ = {
			isa = PBXVariantGroup;
			children = (
				E47CA7F926BE1B7400FC1CBF /* Base */,
			);
			name = Main.storyboard;
			sourceTree = "<group>";
		};
		E47CA7FD26BE1B7800FC1CBF /* LaunchScreen.storyboard */ = {
			isa = PBXVariantGroup;
			children = (
				E47CA7FE26BE1B7800FC1CBF /* Base */,
			);
			name = LaunchScreen.storyboard;
			sourceTree = "<group>";
		};
/* End PBXVariantGroup section */

/* Begin XCBuildConfiguration section */
		E47CA81726BE1B7800FC1CBF /* Debug */ = {
			isa = XCBuildConfiguration;
			buildSettings = {
				ALWAYS_SEARCH_USER_PATHS = NO;
				CLANG_ANALYZER_NONNULL = YES;
				CLANG_ANALYZER_NUMBER_OBJECT_CONVERSION = YES_AGGRESSIVE;
				CLANG_CXX_LANGUAGE_STANDARD = "gnu++14";
				CLANG_CXX_LIBRARY = "libc++";
				CLANG_ENABLE_MODULES = YES;
				CLANG_ENABLE_OBJC_ARC = YES;
				CLANG_ENABLE_OBJC_WEAK = YES;
				CLANG_WARN_BLOCK_CAPTURE_AUTORELEASING = YES;
				CLANG_WARN_BOOL_CONVERSION = YES;
				CLANG_WARN_COMMA = YES;
				CLANG_WARN_CONSTANT_CONVERSION = YES;
				CLANG_WARN_DEPRECATED_OBJC_IMPLEMENTATIONS = YES;
				CLANG_WARN_DIRECT_OBJC_ISA_USAGE = YES_ERROR;
				CLANG_WARN_DOCUMENTATION_COMMENTS = YES;
				CLANG_WARN_EMPTY_BODY = YES;
				CLANG_WARN_ENUM_CONVERSION = YES;
				CLANG_WARN_INFINITE_RECURSION = YES;
				CLANG_WARN_INT_CONVERSION = YES;
				CLANG_WARN_NON_LITERAL_NULL_CONVERSION = YES;
				CLANG_WARN_OBJC_IMPLICIT_RETAIN_SELF = YES;
				CLANG_WARN_OBJC_LITERAL_CONVERSION = YES;
				CLANG_WARN_OBJC_ROOT_CLASS = YES_ERROR;
				CLANG_WARN_QUOTED_INCLUDE_IN_FRAMEWORK_HEADER = YES;
				CLANG_WARN_RANGE_LOOP_ANALYSIS = YES;
				CLANG_WARN_STRICT_PROTOTYPES = YES;
				CLANG_WARN_SUSPICIOUS_MOVE = YES;
				CLANG_WARN_UNGUARDED_AVAILABILITY = YES_AGGRESSIVE;
				CLANG_WARN_UNREACHABLE_CODE = YES;
				CLANG_WARN__DUPLICATE_METHOD_MATCH = YES;
				COPY_PHASE_STRIP = NO;
				DEBUG_INFORMATION_FORMAT = dwarf;
				ENABLE_STRICT_OBJC_MSGSEND = YES;
				ENABLE_TESTABILITY = YES;
				GCC_C_LANGUAGE_STANDARD = gnu11;
				GCC_DYNAMIC_NO_PIC = NO;
				GCC_NO_COMMON_BLOCKS = YES;
				GCC_OPTIMIZATION_LEVEL = 0;
				GCC_PREPROCESSOR_DEFINITIONS = (
					"DEBUG=1",
					"$(inherited)",
				);
				GCC_WARN_64_TO_32_BIT_CONVERSION = YES;
				GCC_WARN_ABOUT_RETURN_TYPE = YES_ERROR;
				GCC_WARN_UNDECLARED_SELECTOR = YES;
				GCC_WARN_UNINITIALIZED_AUTOS = YES_AGGRESSIVE;
				GCC_WARN_UNUSED_FUNCTION = YES;
				GCC_WARN_UNUSED_VARIABLE = YES;
				IPHONEOS_DEPLOYMENT_TARGET = 14.5;
				MTL_ENABLE_DEBUG_INFO = INCLUDE_SOURCE;
				MTL_FAST_MATH = YES;
				ONLY_ACTIVE_ARCH = YES;
				SDKROOT = iphoneos;
				SWIFT_ACTIVE_COMPILATION_CONDITIONS = DEBUG;
				SWIFT_OPTIMIZATION_LEVEL = "-Onone";
			};
			name = Debug;
		};
		E47CA81826BE1B7800FC1CBF /* Release */ = {
			isa = XCBuildConfiguration;
			buildSettings = {
				ALWAYS_SEARCH_USER_PATHS = NO;
				CLANG_ANALYZER_NONNULL = YES;
				CLANG_ANALYZER_NUMBER_OBJECT_CONVERSION = YES_AGGRESSIVE;
				CLANG_CXX_LANGUAGE_STANDARD = "gnu++14";
				CLANG_CXX_LIBRARY = "libc++";
				CLANG_ENABLE_MODULES = YES;
				CLANG_ENABLE_OBJC_ARC = YES;
				CLANG_ENABLE_OBJC_WEAK = YES;
				CLANG_WARN_BLOCK_CAPTURE_AUTORELEASING = YES;
				CLANG_WARN_BOOL_CONVERSION = YES;
				CLANG_WARN_COMMA = YES;
				CLANG_WARN_CONSTANT_CONVERSION = YES;
				CLANG_WARN_DEPRECATED_OBJC_IMPLEMENTATIONS = YES;
				CLANG_WARN_DIRECT_OBJC_ISA_USAGE = YES_ERROR;
				CLANG_WARN_DOCUMENTATION_COMMENTS = YES;
				CLANG_WARN_EMPTY_BODY = YES;
				CLANG_WARN_ENUM_CONVERSION = YES;
				CLANG_WARN_INFINITE_RECURSION = YES;
				CLANG_WARN_INT_CONVERSION = YES;
				CLANG_WARN_NON_LITERAL_NULL_CONVERSION = YES;
				CLANG_WARN_OBJC_IMPLICIT_RETAIN_SELF = YES;
				CLANG_WARN_OBJC_LITERAL_CONVERSION = YES;
				CLANG_WARN_OBJC_ROOT_CLASS = YES_ERROR;
				CLANG_WARN_QUOTED_INCLUDE_IN_FRAMEWORK_HEADER = YES;
				CLANG_WARN_RANGE_LOOP_ANALYSIS = YES;
				CLANG_WARN_STRICT_PROTOTYPES = YES;
				CLANG_WARN_SUSPICIOUS_MOVE = YES;
				CLANG_WARN_UNGUARDED_AVAILABILITY = YES_AGGRESSIVE;
				CLANG_WARN_UNREACHABLE_CODE = YES;
				CLANG_WARN__DUPLICATE_METHOD_MATCH = YES;
				COPY_PHASE_STRIP = NO;
				DEBUG_INFORMATION_FORMAT = "dwarf-with-dsym";
				ENABLE_NS_ASSERTIONS = NO;
				ENABLE_STRICT_OBJC_MSGSEND = YES;
				GCC_C_LANGUAGE_STANDARD = gnu11;
				GCC_NO_COMMON_BLOCKS = YES;
				GCC_WARN_64_TO_32_BIT_CONVERSION = YES;
				GCC_WARN_ABOUT_RETURN_TYPE = YES_ERROR;
				GCC_WARN_UNDECLARED_SELECTOR = YES;
				GCC_WARN_UNINITIALIZED_AUTOS = YES_AGGRESSIVE;
				GCC_WARN_UNUSED_FUNCTION = YES;
				GCC_WARN_UNUSED_VARIABLE = YES;
				IPHONEOS_DEPLOYMENT_TARGET = 14.5;
				MTL_ENABLE_DEBUG_INFO = NO;
				MTL_FAST_MATH = YES;
				SDKROOT = iphoneos;
				SWIFT_COMPILATION_MODE = wholemodule;
				SWIFT_OPTIMIZATION_LEVEL = "-O";
				VALIDATE_PRODUCT = YES;
			};
			name = Release;
		};
		E47CA81A26BE1B7800FC1CBF /* Debug */ = {
			isa = XCBuildConfiguration;
			buildSettings = {
				ASSETCATALOG_COMPILER_APPICON_NAME = AppIcon;
				ASSETCATALOG_COMPILER_GLOBAL_ACCENT_COLOR_NAME = AccentColor;
				CODE_SIGN_STYLE = Automatic;
				INFOPLIST_FILE = ScrollViewDemo/Info.plist;
				LD_RUNPATH_SEARCH_PATHS = (
					"$(inherited)",
					"@executable_path/Frameworks",
				);
				PRODUCT_BUNDLE_IDENTIFIER = com.mohit.ScrollViewDemo;
				PRODUCT_NAME = "$(TARGET_NAME)";
				SWIFT_VERSION = 5.0;
				TARGETED_DEVICE_FAMILY = "1,2";
			};
			name = Debug;
		};
		E47CA81B26BE1B7800FC1CBF /* Release */ = {
			isa = XCBuildConfiguration;
			buildSettings = {
				ASSETCATALOG_COMPILER_APPICON_NAME = AppIcon;
				ASSETCATALOG_COMPILER_GLOBAL_ACCENT_COLOR_NAME = AccentColor;
				CODE_SIGN_STYLE = Automatic;
				INFOPLIST_FILE = ScrollViewDemo/Info.plist;
				LD_RUNPATH_SEARCH_PATHS = (
					"$(inherited)",
					"@executable_path/Frameworks",
				);
				PRODUCT_BUNDLE_IDENTIFIER = com.mohit.ScrollViewDemo;
				PRODUCT_NAME = "$(TARGET_NAME)";
				SWIFT_VERSION = 5.0;
				TARGETED_DEVICE_FAMILY = "1,2";
			};
			name = Release;
		};
		E47CA81D26BE1B7800FC1CBF /* Debug */ = {
			isa = XCBuildConfiguration;
			buildSettings = {
				ALWAYS_EMBED_SWIFT_STANDARD_LIBRARIES = YES;
				BUNDLE_LOADER = "$(TEST_HOST)";
				CODE_SIGN_STYLE = Automatic;
				INFOPLIST_FILE = ScrollViewDemoTests/Info.plist;
				IPHONEOS_DEPLOYMENT_TARGET = 14.5;
				LD_RUNPATH_SEARCH_PATHS = (
					"$(inherited)",
					"@executable_path/Frameworks",
					"@loader_path/Frameworks",
				);
				PRODUCT_BUNDLE_IDENTIFIER = com.mohit.ScrollViewDemoTests;
				PRODUCT_NAME = "$(TARGET_NAME)";
				SWIFT_VERSION = 5.0;
				TARGETED_DEVICE_FAMILY = "1,2";
				TEST_HOST = "$(BUILT_PRODUCTS_DIR)/ScrollViewDemo.app/ScrollViewDemo";
			};
			name = Debug;
		};
		E47CA81E26BE1B7800FC1CBF /* Release */ = {
			isa = XCBuildConfiguration;
			buildSettings = {
				ALWAYS_EMBED_SWIFT_STANDARD_LIBRARIES = YES;
				BUNDLE_LOADER = "$(TEST_HOST)";
				CODE_SIGN_STYLE = Automatic;
				INFOPLIST_FILE = ScrollViewDemoTests/Info.plist;
				IPHONEOS_DEPLOYMENT_TARGET = 14.5;
				LD_RUNPATH_SEARCH_PATHS = (
					"$(inherited)",
					"@executable_path/Frameworks",
					"@loader_path/Frameworks",
				);
				PRODUCT_BUNDLE_IDENTIFIER = com.mohit.ScrollViewDemoTests;
				PRODUCT_NAME = "$(TARGET_NAME)";
				SWIFT_VERSION = 5.0;
				TARGETED_DEVICE_FAMILY = "1,2";
				TEST_HOST = "$(BUILT_PRODUCTS_DIR)/ScrollViewDemo.app/ScrollViewDemo";
			};
			name = Release;
		};
		E47CA82026BE1B7800FC1CBF /* Debug */ = {
			isa = XCBuildConfiguration;
			buildSettings = {
				ALWAYS_EMBED_SWIFT_STANDARD_LIBRARIES = YES;
				CODE_SIGN_STYLE = Automatic;
				INFOPLIST_FILE = ScrollViewDemoUITests/Info.plist;
				LD_RUNPATH_SEARCH_PATHS = (
					"$(inherited)",
					"@executable_path/Frameworks",
					"@loader_path/Frameworks",
				);
				PRODUCT_BUNDLE_IDENTIFIER = com.mohit.ScrollViewDemoUITests;
				PRODUCT_NAME = "$(TARGET_NAME)";
				SWIFT_VERSION = 5.0;
				TARGETED_DEVICE_FAMILY = "1,2";
				TEST_TARGET_NAME = ScrollViewDemo;
			};
			name = Debug;
		};
		E47CA82126BE1B7800FC1CBF /* Release */ = {
			isa = XCBuildConfiguration;
			buildSettings = {
				ALWAYS_EMBED_SWIFT_STANDARD_LIBRARIES = YES;
				CODE_SIGN_STYLE = Automatic;
				INFOPLIST_FILE = ScrollViewDemoUITests/Info.plist;
				LD_RUNPATH_SEARCH_PATHS = (
					"$(inherited)",
					"@executable_path/Frameworks",
					"@loader_path/Frameworks",
				);
				PRODUCT_BUNDLE_IDENTIFIER = com.mohit.ScrollViewDemoUITests;
				PRODUCT_NAME = "$(TARGET_NAME)";
				SWIFT_VERSION = 5.0;
				TARGETED_DEVICE_FAMILY = "1,2";
				TEST_TARGET_NAME = ScrollViewDemo;
			};
			name = Release;
		};
/* End XCBuildConfiguration section */

/* Begin XCConfigurationList section */
		E47CA7EA26BE1B7400FC1CBF /* Build configuration list for PBXProject "ScrollViewDemo" */ = {
			isa = XCConfigurationList;
			buildConfigurations = (
				E47CA81726BE1B7800FC1CBF /* Debug */,
				E47CA81826BE1B7800FC1CBF /* Release */,
			);
			defaultConfigurationIsVisible = 0;
			defaultConfigurationName = Release;
		};
		E47CA81926BE1B7800FC1CBF /* Build configuration list for PBXNativeTarget "ScrollViewDemo" */ = {
			isa = XCConfigurationList;
			buildConfigurations = (
				E47CA81A26BE1B7800FC1CBF /* Debug */,
				E47CA81B26BE1B7800FC1CBF /* Release */,
			);
			defaultConfigurationIsVisible = 0;
			defaultConfigurationName = Release;
		};
		E47CA81C26BE1B7800FC1CBF /* Build configuration list for PBXNativeTarget "ScrollViewDemoTests" */ = {
			isa = XCConfigurationList;
			buildConfigurations = (
				E47CA81D26BE1B7800FC1CBF /* Debug */,
				E47CA81E26BE1B7800FC1CBF /* Release */,
			);
			defaultConfigurationIsVisible = 0;
			defaultConfigurationName = Release;
		};
		E47CA81F26BE1B7800FC1CBF /* Build configuration list for PBXNativeTarget "ScrollViewDemoUITests" */ = {
			isa = XCConfigurationList;
			buildConfigurations = (
				E47CA82026BE1B7800FC1CBF /* Debug */,
				E47CA82126BE1B7800FC1CBF /* Release */,
			);
			defaultConfigurationIsVisible = 0;
			defaultConfigurationName = Release;
		};
/* End XCConfigurationList section */
	};
	rootObject = E47CA7E726BE1B7400FC1CBF /* Project object */;
}
